
Microsoft Visual Studio Solution File, Format Version 12.00
# Visual Studio Version 17
VisualStudioVersion = 17.1.32210.238
MinimumVisualStudioVersion = 10.0.40219.1
Project("{9A19103F-16F7-4668-BE54-9A1E7A4F7556}") = "BrainFuck", "BrainFuck\BrainFuck.csproj", "{046F1DDE-8761-45AE-A758-EF6F8A5DED82}"
EndProject
Project("{FAE04EC0-301F-11D3-BF4B-00C04F79EFBC}") = "BrainFuckTestProject", "BrainFuckTestProject\BrainFuckTestProject.csproj", "{50E6116D-66A4-4A4F-A75F-700B6DD5B911}"
EndProject
Global
	GlobalSection(SolutionConfigurationPlatforms) = preSolution
		Debug|Any CPU = Debug|Any CPU
		Release|Any CPU = Release|Any CPU
	EndGlobalSection
	GlobalSection(ProjectConfigurationPlatforms) = postSolution
		{046F1DDE-8761-45AE-A758-EF6F8A5DED82}.Debug|Any CPU.ActiveCfg = Debug|Any CPU
		{046F1DDE-8761-45AE-A758-EF6F8A5DED82}.Debug|Any CPU.Build.0 = Debug|Any CPU
		{046F1DDE-8761-45AE-A758-EF6F8A5DED82}.Release|Any CPU.ActiveCfg = Release|Any CPU
		{046F1DDE-8761-45AE-A758-EF6F8A5DED82}.Release|Any CPU.Build.0 = Release|Any CPU
		{50E6116D-66A4-4A4F-A75F-700B6DD5B911}.Debug|Any CPU.ActiveCfg = Debug|Any CPU
		{50E6116D-66A4-4A4F-A75F-700B6DD5B911}.Debug|Any CPU.Build.0 = Debug|Any CPU
		{50E6116D-66A4-4A4F-A75F-700B6DD5B911}.Release|Any CPU.ActiveCfg = Release|Any CPU
		{50E6116D-66A4-4A4F-A75F-700B6DD5B911}.Release|Any CPU.Build.0 = Release|Any CPU
	EndGlobalSection
	GlobalSection(SolutionProperties) = preSolution
		HideSolutionNode = FALSE
	EndGlobalSection
	GlobalSection(ExtensibilityGlobals) = postSolution
		SolutionGuid = {4474DA7A-104E-4C02-9CAA-8C2DEB81EFA6}
	EndGlobalSection
EndGlobal
